
Microsoft Visual Studio Solution File, Format Version 12.00
# Visual Studio Version 17
VisualStudioVersion = 17.10.35013.160
MinimumVisualStudioVersion = 10.0.40219.1
Project("{FAE04EC0-301F-11D3-BF4B-00C04F79EFBC}") = "DesignPatternSamples", "DesignPatternSamples\DesignPatternSamples.csproj", "{2286C62B-6272-4F8B-AFB0-5CEB54B8B675}"
EndProject
Global
	GlobalSection(SolutionConfigurationPlatforms) = preSolution
		Debug|Any CPU = Debug|Any CPU
		Release|Any CPU = Release|Any CPU
	EndGlobalSection
	GlobalSection(ProjectConfigurationPlatforms) = postSolution
		{2286C62B-6272-4F8B-AFB0-5CEB54B8B675}.Debug|Any CPU.ActiveCfg = Debug|Any CPU
		{2286C62B-6272-4F8B-AFB0-5CEB54B8B675}.Debug|Any CPU.Build.0 = Debug|Any CPU
		{2286C62B-6272-4F8B-AFB0-5CEB54B8B675}.Release|Any CPU.ActiveCfg = Release|Any CPU
		{2286C62B-6272-4F8B-AFB0-5CEB54B8B675}.Release|Any CPU.Build.0 = Release|Any CPU
	EndGlobalSection
	GlobalSection(SolutionProperties) = preSolution
		HideSolutionNode = FALSE
	EndGlobalSection
	GlobalSection(ExtensibilityGlobals) = postSolution
		SolutionGuid = {CF515174-D66E-4689-95FC-CFB20ACCEF34}
	EndGlobalSection
EndGlobal
